
Microsoft Visual Studio Solution File, Format Version 12.00
# Visual Studio 15
VisualStudioVersion = 15.0.27428.2027
MinimumVisualStudioVersion = 10.0.40219.1
Project("{FAE04EC0-301F-11D3-BF4B-00C04F79EFBC}") = "MobilWallet", "MobilWallet\MobilWallet.csproj", "{72B6DEDE-CCB7-4A45-826C-301BF3BEF695}"
EndProject
Global
	GlobalSection(SolutionConfigurationPlatforms) = preSolution
		Debug|Any CPU = Debug|Any CPU
		Release|Any CPU = Release|Any CPU
	EndGlobalSection
	GlobalSection(ProjectConfigurationPlatforms) = postSolution
		{72B6DEDE-CCB7-4A45-826C-301BF3BEF695}.Debug|Any CPU.ActiveCfg = Debug|Any CPU
		{72B6DEDE-CCB7-4A45-826C-301BF3BEF695}.Debug|Any CPU.Build.0 = Debug|Any CPU
		{72B6DEDE-CCB7-4A45-826C-301BF3BEF695}.Release|Any CPU.ActiveCfg = Release|Any CPU
		{72B6DEDE-CCB7-4A45-826C-301BF3BEF695}.Release|Any CPU.Build.0 = Release|Any CPU
	EndGlobalSection
	GlobalSection(SolutionProperties) = preSolution
		HideSolutionNode = FALSE
	EndGlobalSection
	GlobalSection(ExtensibilityGlobals) = postSolution
		SolutionGuid = {62BAEE45-890A-4707-B4A4-82AE553BBD2E}
	EndGlobalSection
EndGlobal
